// !$*UTF8*$!
{
	archiveVersion = 1;
	classes = {
	};
	objectVersion = 46;
	objects = {

/* Begin PBXBuildFile section */
		560F5E67B8EE9E09121F5972 /* libPods.a in Frameworks */ = {isa = PBXBuildFile; fileRef = 627027A92185B69AF3914492 /* libPods.a */; };
		D214533419EE052500986E99 /* BeerWatchTableViewController.m in Sources */ = {isa = PBXBuildFile; fileRef = D214533319EE052500986E99 /* BeerWatchTableViewController.m */; };
		D214533819EE05B000986E99 /* BeerWatch.m in Sources */ = {isa = PBXBuildFile; fileRef = D214533719EE05B000986E99 /* BeerWatch.m */; };
		D214533B19EEF29B00986E99 /* ShowBeerWatchViewController.m in Sources */ = {isa = PBXBuildFile; fileRef = D214533A19EEF29B00986E99 /* ShowBeerWatchViewController.m */; };
		D214534219EF3F0900986E99 /* Utility.m in Sources */ = {isa = PBXBuildFile; fileRef = D214534119EF3F0900986E99 /* Utility.m */; };
		D21F61B519ED0936008F23BF /* MainNavigationController.m in Sources */ = {isa = PBXBuildFile; fileRef = D21F61B419ED0936008F23BF /* MainNavigationController.m */; };
		D235D83619E6057A00297B47 /* main.m in Sources */ = {isa = PBXBuildFile; fileRef = D235D83519E6057A00297B47 /* main.m */; };
		D235D83919E6057A00297B47 /* AppDelegate.m in Sources */ = {isa = PBXBuildFile; fileRef = D235D83819E6057A00297B47 /* AppDelegate.m */; };
		D235D83F19E6057A00297B47 /* Main.storyboard in Resources */ = {isa = PBXBuildFile; fileRef = D235D83D19E6057A00297B47 /* Main.storyboard */; };
		D235D84119E6057A00297B47 /* Images.xcassets in Resources */ = {isa = PBXBuildFile; fileRef = D235D84019E6057A00297B47 /* Images.xcassets */; };
		D235D84419E6057A00297B47 /* LaunchScreen.xib in Resources */ = {isa = PBXBuildFile; fileRef = D235D84219E6057A00297B47 /* LaunchScreen.xib */; };
		D235D85019E6057A00297B47 /* BrewdarTests.m in Sources */ = {isa = PBXBuildFile; fileRef = D235D84F19E6057A00297B47 /* BrewdarTests.m */; };
		D26C3ABE19EA2E24003CF98C /* LoginViewController.m in Sources */ = {isa = PBXBuildFile; fileRef = D26C3ABD19EA2E24003CF98C /* LoginViewController.m */; };
		D27A52C619ECA81500F17084 /* Podfile in Resources */ = {isa = PBXBuildFile; fileRef = D27A52C419ECA81500F17084 /* Podfile */; };
		D27A52C719ECA81500F17084 /* Podfile.lock in Resources */ = {isa = PBXBuildFile; fileRef = D27A52C519ECA81500F17084 /* Podfile.lock */; };
		D2C979A219E61BF60058C0A6 /* Device.m in Sources */ = {isa = PBXBuildFile; fileRef = D2C979A119E61BF60058C0A6 /* Device.m */; };
/* End PBXBuildFile section */

/* Begin PBXContainerItemProxy section */
		D235D84A19E6057A00297B47 /* PBXContainerItemProxy */ = {
			isa = PBXContainerItemProxy;
			containerPortal = D235D82819E6057A00297B47 /* Project object */;
			proxyType = 1;
			remoteGlobalIDString = D235D82F19E6057A00297B47;
			remoteInfo = Brewdar;
		};
/* End PBXContainerItemProxy section */

/* Begin PBXFileReference section */
		627027A92185B69AF3914492 /* libPods.a */ = {isa = PBXFileReference; explicitFileType = archive.ar; includeInIndex = 0; path = libPods.a; sourceTree = BUILT_PRODUCTS_DIR; };
		85206CF1AC480E4CE6EBF63C /* Pods.debug.xcconfig */ = {isa = PBXFileReference; includeInIndex = 1; lastKnownFileType = text.xcconfig; name = Pods.debug.xcconfig; path = "Pods/Target Support Files/Pods/Pods.debug.xcconfig"; sourceTree = "<group>"; };
		D214533219EE052500986E99 /* BeerWatchTableViewController.h */ = {isa = PBXFileReference; fileEncoding = 4; lastKnownFileType = sourcecode.c.h; path = BeerWatchTableViewController.h; sourceTree = "<group>"; };
		D214533319EE052500986E99 /* BeerWatchTableViewController.m */ = {isa = PBXFileReference; fileEncoding = 4; lastKnownFileType = sourcecode.c.objc; path = BeerWatchTableViewController.m; sourceTree = "<group>"; };
		D214533619EE05B000986E99 /* BeerWatch.h */ = {isa = PBXFileReference; fileEncoding = 4; lastKnownFileType = sourcecode.c.h; path = BeerWatch.h; sourceTree = "<group>"; };
		D214533719EE05B000986E99 /* BeerWatch.m */ = {isa = PBXFileReference; fileEncoding = 4; lastKnownFileType = sourcecode.c.objc; path = BeerWatch.m; sourceTree = "<group>"; };
		D214533919EEF29B00986E99 /* ShowBeerWatchViewController.h */ = {isa = PBXFileReference; fileEncoding = 4; lastKnownFileType = sourcecode.c.h; path = ShowBeerWatchViewController.h; sourceTree = "<group>"; };
		D214533A19EEF29B00986E99 /* ShowBeerWatchViewController.m */ = {isa = PBXFileReference; fileEncoding = 4; lastKnownFileType = sourcecode.c.objc; path = ShowBeerWatchViewController.m; sourceTree = "<group>"; };
		D214534019EF3F0900986E99 /* Utility.h */ = {isa = PBXFileReference; fileEncoding = 4; lastKnownFileType = sourcecode.c.h; path = Utility.h; sourceTree = "<group>"; };
		D214534119EF3F0900986E99 /* Utility.m */ = {isa = PBXFileReference; fileEncoding = 4; lastKnownFileType = sourcecode.c.objc; path = Utility.m; sourceTree = "<group>"; };
		D21F61B319ED0936008F23BF /* MainNavigationController.h */ = {isa = PBXFileReference; fileEncoding = 4; lastKnownFileType = sourcecode.c.h; path = MainNavigationController.h; sourceTree = "<group>"; };
		D21F61B419ED0936008F23BF /* MainNavigationController.m */ = {isa = PBXFileReference; fileEncoding = 4; lastKnownFileType = sourcecode.c.objc; path = MainNavigationController.m; sourceTree = "<group>"; };
		D235D83019E6057A00297B47 /* Brewdar.app */ = {isa = PBXFileReference; explicitFileType = wrapper.application; includeInIndex = 0; path = Brewdar.app; sourceTree = BUILT_PRODUCTS_DIR; };
		D235D83419E6057A00297B47 /* Info.plist */ = {isa = PBXFileReference; lastKnownFileType = text.plist.xml; path = Info.plist; sourceTree = "<group>"; };
		D235D83519E6057A00297B47 /* main.m */ = {isa = PBXFileReference; lastKnownFileType = sourcecode.c.objc; path = main.m; sourceTree = "<group>"; };
		D235D83719E6057A00297B47 /* AppDelegate.h */ = {isa = PBXFileReference; lastKnownFileType = sourcecode.c.h; path = AppDelegate.h; sourceTree = "<group>"; };
		D235D83819E6057A00297B47 /* AppDelegate.m */ = {isa = PBXFileReference; lastKnownFileType = sourcecode.c.objc; path = AppDelegate.m; sourceTree = "<group>"; };
		D235D83E19E6057A00297B47 /* Base */ = {isa = PBXFileReference; lastKnownFileType = file.storyboard; name = Base; path = Base.lproj/Main.storyboard; sourceTree = "<group>"; };
		D235D84019E6057A00297B47 /* Images.xcassets */ = {isa = PBXFileReference; lastKnownFileType = folder.assetcatalog; path = Images.xcassets; sourceTree = "<group>"; };
		D235D84319E6057A00297B47 /* Base */ = {isa = PBXFileReference; lastKnownFileType = file.xib; name = Base; path = Base.lproj/LaunchScreen.xib; sourceTree = "<group>"; };
		D235D84919E6057A00297B47 /* BrewdarTests.xctest */ = {isa = PBXFileReference; explicitFileType = wrapper.cfbundle; includeInIndex = 0; path = BrewdarTests.xctest; sourceTree = BUILT_PRODUCTS_DIR; };
		D235D84E19E6057A00297B47 /* Info.plist */ = {isa = PBXFileReference; lastKnownFileType = text.plist.xml; path = Info.plist; sourceTree = "<group>"; };
		D235D84F19E6057A00297B47 /* BrewdarTests.m */ = {isa = PBXFileReference; lastKnownFileType = sourcecode.c.objc; path = BrewdarTests.m; sourceTree = "<group>"; };
		D26C3ABC19EA2E24003CF98C /* LoginViewController.h */ = {isa = PBXFileReference; fileEncoding = 4; lastKnownFileType = sourcecode.c.h; path = LoginViewController.h; sourceTree = "<group>"; };
		D26C3ABD19EA2E24003CF98C /* LoginViewController.m */ = {isa = PBXFileReference; fileEncoding = 4; lastKnownFileType = sourcecode.c.objc; path = LoginViewController.m; sourceTree = "<group>"; };
		D27A52C419ECA81500F17084 /* Podfile */ = {isa = PBXFileReference; fileEncoding = 4; lastKnownFileType = text; path = Podfile; sourceTree = SOURCE_ROOT; };
		D27A52C519ECA81500F17084 /* Podfile.lock */ = {isa = PBXFileReference; fileEncoding = 4; lastKnownFileType = text; path = Podfile.lock; sourceTree = SOURCE_ROOT; };
		D2C979A019E61BF60058C0A6 /* Device.h */ = {isa = PBXFileReference; fileEncoding = 4; lastKnownFileType = sourcecode.c.h; path = Device.h; sourceTree = "<group>"; };
		D2C979A119E61BF60058C0A6 /* Device.m */ = {isa = PBXFileReference; fileEncoding = 4; lastKnownFileType = sourcecode.c.objc; path = Device.m; sourceTree = "<group>"; };
		F564FFE2CF6ED3E9CF52B1C3 /* Pods.release.xcconfig */ = {isa = PBXFileReference; includeInIndex = 1; lastKnownFileType = text.xcconfig; name = Pods.release.xcconfig; path = "Pods/Target Support Files/Pods/Pods.release.xcconfig"; sourceTree = "<group>"; };
/* End PBXFileReference section */

/* Begin PBXFrameworksBuildPhase section */
		D235D82D19E6057A00297B47 /* Frameworks */ = {
			isa = PBXFrameworksBuildPhase;
			buildActionMask = 2147483647;
			files = (
				560F5E67B8EE9E09121F5972 /* libPods.a in Frameworks */,
			);
			runOnlyForDeploymentPostprocessing = 0;
		};
		D235D84619E6057A00297B47 /* Frameworks */ = {
			isa = PBXFrameworksBuildPhase;
			buildActionMask = 2147483647;
			files = (
			);
			runOnlyForDeploymentPostprocessing = 0;
		};
/* End PBXFrameworksBuildPhase section */

/* Begin PBXGroup section */
		67658ACC18C95DC33BCF94A1 /* Pods */ = {
			isa = PBXGroup;
			children = (
				85206CF1AC480E4CE6EBF63C /* Pods.debug.xcconfig */,
				F564FFE2CF6ED3E9CF52B1C3 /* Pods.release.xcconfig */,
			);
			name = Pods;
			sourceTree = "<group>";
		};
		973A16A8C6588FC33C52F037 /* Frameworks */ = {
			isa = PBXGroup;
			children = (
				627027A92185B69AF3914492 /* libPods.a */,
			);
			name = Frameworks;
			sourceTree = "<group>";
		};
		D214533519EE052B00986E99 /* BeerWatch */ = {
			isa = PBXGroup;
			children = (
				D214533219EE052500986E99 /* BeerWatchTableViewController.h */,
				D214533319EE052500986E99 /* BeerWatchTableViewController.m */,
				D214533919EEF29B00986E99 /* ShowBeerWatchViewController.h */,
				D214533A19EEF29B00986E99 /* ShowBeerWatchViewController.m */,
			);
			name = BeerWatch;
			sourceTree = "<group>";
		};
		D214533C19EF3E0900986E99 /* Other */ = {
			isa = PBXGroup;
			children = (
				D214534019EF3F0900986E99 /* Utility.h */,
				D214534119EF3F0900986E99 /* Utility.m */,
			);
			name = Other;
			sourceTree = "<group>";
		};
		D235D82719E6057A00297B47 = {
			isa = PBXGroup;
			children = (
				D235D83219E6057A00297B47 /* Brewdar */,
				D235D84C19E6057A00297B47 /* BrewdarTests */,
				D235D83119E6057A00297B47 /* Products */,
				67658ACC18C95DC33BCF94A1 /* Pods */,
				973A16A8C6588FC33C52F037 /* Frameworks */,
			);
			sourceTree = "<group>";
		};
		D235D83119E6057A00297B47 /* Products */ = {
			isa = PBXGroup;
			children = (
				D235D83019E6057A00297B47 /* Brewdar.app */,
				D235D84919E6057A00297B47 /* BrewdarTests.xctest */,
			);
			name = Products;
			sourceTree = "<group>";
		};
		D235D83219E6057A00297B47 /* Brewdar */ = {
			isa = PBXGroup;
			children = (
				D214533C19EF3E0900986E99 /* Other */,
				D235D85B19E61AA800297B47 /* Models */,
				D26C3AB019EA2CF0003CF98C /* Controllers */,
				D235D83719E6057A00297B47 /* AppDelegate.h */,
				D235D83819E6057A00297B47 /* AppDelegate.m */,
				D235D83D19E6057A00297B47 /* Main.storyboard */,
				D235D84019E6057A00297B47 /* Images.xcassets */,
				D235D84219E6057A00297B47 /* LaunchScreen.xib */,
				D235D83319E6057A00297B47 /* Supporting Files */,
			);
			path = Brewdar;
			sourceTree = "<group>";
		};
		D235D83319E6057A00297B47 /* Supporting Files */ = {
			isa = PBXGroup;
			children = (
				D27A52C419ECA81500F17084 /* Podfile */,
				D27A52C519ECA81500F17084 /* Podfile.lock */,
				D235D83419E6057A00297B47 /* Info.plist */,
				D235D83519E6057A00297B47 /* main.m */,
			);
			name = "Supporting Files";
			sourceTree = "<group>";
		};
		D235D84C19E6057A00297B47 /* BrewdarTests */ = {
			isa = PBXGroup;
			children = (
				D235D84F19E6057A00297B47 /* BrewdarTests.m */,
				D235D84D19E6057A00297B47 /* Supporting Files */,
			);
			path = BrewdarTests;
			sourceTree = "<group>";
		};
		D235D84D19E6057A00297B47 /* Supporting Files */ = {
			isa = PBXGroup;
			children = (
				D235D84E19E6057A00297B47 /* Info.plist */,
			);
			name = "Supporting Files";
			sourceTree = "<group>";
		};
		D235D85B19E61AA800297B47 /* Models */ = {
			isa = PBXGroup;
			children = (
				D2C979A019E61BF60058C0A6 /* Device.h */,
				D2C979A119E61BF60058C0A6 /* Device.m */,
				D214533619EE05B000986E99 /* BeerWatch.h */,
				D214533719EE05B000986E99 /* BeerWatch.m */,
			);
			name = Models;
			sourceTree = "<group>";
		};
		D26C3AB019EA2CF0003CF98C /* Controllers */ = {
			isa = PBXGroup;
			children = (
				D214533519EE052B00986E99 /* BeerWatch */,
				D21F61B319ED0936008F23BF /* MainNavigationController.h */,
				D21F61B419ED0936008F23BF /* MainNavigationController.m */,
				D26C3ABC19EA2E24003CF98C /* LoginViewController.h */,
				D26C3ABD19EA2E24003CF98C /* LoginViewController.m */,
			);
			name = Controllers;
			sourceTree = "<group>";
		};
/* End PBXGroup section */

/* Begin PBXNativeTarget section */
		D235D82F19E6057A00297B47 /* Brewdar */ = {
			isa = PBXNativeTarget;
			buildConfigurationList = D235D85319E6057A00297B47 /* Build configuration list for PBXNativeTarget "Brewdar" */;
			buildPhases = (
				D193CDD1EA056AECC7DAF06A /* Check Pods Manifest.lock */,
				D235D82C19E6057A00297B47 /* Sources */,
				D235D82D19E6057A00297B47 /* Frameworks */,
				D235D82E19E6057A00297B47 /* Resources */,
				F256E2D0BD3A427444A05BBA /* Copy Pods Resources */,
			);
			buildRules = (
			);
			dependencies = (
			);
			name = Brewdar;
			productName = Brewdar;
			productReference = D235D83019E6057A00297B47 /* Brewdar.app */;
			productType = "com.apple.product-type.application";
		};
		D235D84819E6057A00297B47 /* BrewdarTests */ = {
			isa = PBXNativeTarget;
			buildConfigurationList = D235D85619E6057A00297B47 /* Build configuration list for PBXNativeTarget "BrewdarTests" */;
			buildPhases = (
				D235D84519E6057A00297B47 /* Sources */,
				D235D84619E6057A00297B47 /* Frameworks */,
				D235D84719E6057A00297B47 /* Resources */,
			);
			buildRules = (
			);
			dependencies = (
				D235D84B19E6057A00297B47 /* PBXTargetDependency */,
			);
			name = BrewdarTests;
			productName = BrewdarTests;
			productReference = D235D84919E6057A00297B47 /* BrewdarTests.xctest */;
			productType = "com.apple.product-type.bundle.unit-test";
		};
/* End PBXNativeTarget section */

/* Begin PBXProject section */
		D235D82819E6057A00297B47 /* Project object */ = {
			isa = PBXProject;
			attributes = {
				LastUpgradeCheck = 0600;
				ORGANIZATIONNAME = PWNZONE;
				TargetAttributes = {
					D235D82F19E6057A00297B47 = {
						CreatedOnToolsVersion = 6.0.1;
						DevelopmentTeam = 7YKPAZWV8N;
					};
					D235D84819E6057A00297B47 = {
						CreatedOnToolsVersion = 6.0.1;
						TestTargetID = D235D82F19E6057A00297B47;
					};
				};
			};
			buildConfigurationList = D235D82B19E6057A00297B47 /* Build configuration list for PBXProject "Brewdar" */;
			compatibilityVersion = "Xcode 3.2";
			developmentRegion = English;
			hasScannedForEncodings = 0;
			knownRegions = (
				en,
				Base,
			);
			mainGroup = D235D82719E6057A00297B47;
			productRefGroup = D235D83119E6057A00297B47 /* Products */;
			projectDirPath = "";
			projectRoot = "";
			targets = (
				D235D82F19E6057A00297B47 /* Brewdar */,
				D235D84819E6057A00297B47 /* BrewdarTests */,
			);
		};
/* End PBXProject section */

/* Begin PBXResourcesBuildPhase section */
		D235D82E19E6057A00297B47 /* Resources */ = {
			isa = PBXResourcesBuildPhase;
			buildActionMask = 2147483647;
			files = (
				D235D83F19E6057A00297B47 /* Main.storyboard in Resources */,
				D235D84419E6057A00297B47 /* LaunchScreen.xib in Resources */,
				D27A52C719ECA81500F17084 /* Podfile.lock in Resources */,
				D27A52C619ECA81500F17084 /* Podfile in Resources */,
				D235D84119E6057A00297B47 /* Images.xcassets in Resources */,
			);
			runOnlyForDeploymentPostprocessing = 0;
		};
		D235D84719E6057A00297B47 /* Resources */ = {
			isa = PBXResourcesBuildPhase;
			buildActionMask = 2147483647;
			files = (
			);
			runOnlyForDeploymentPostprocessing = 0;
		};
/* End PBXResourcesBuildPhase section */

/* Begin PBXShellScriptBuildPhase section */
		D193CDD1EA056AECC7DAF06A /* Check Pods Manifest.lock */ = {
			isa = PBXShellScriptBuildPhase;
			buildActionMask = 2147483647;
			files = (
			);
			inputPaths = (
			);
			name = "Check Pods Manifest.lock";
			outputPaths = (
			);
			runOnlyForDeploymentPostprocessing = 0;
			shellPath = /bin/sh;
			shellScript = "diff \"${PODS_ROOT}/../Podfile.lock\" \"${PODS_ROOT}/Manifest.lock\" > /dev/null\nif [[ $? != 0 ]] ; then\n    cat << EOM\nerror: The sandbox is not in sync with the Podfile.lock. Run 'pod install' or update your CocoaPods installation.\nEOM\n    exit 1\nfi\n";
			showEnvVarsInLog = 0;
		};
		F256E2D0BD3A427444A05BBA /* Copy Pods Resources */ = {
			isa = PBXShellScriptBuildPhase;
			buildActionMask = 2147483647;
			files = (
			);
			inputPaths = (
			);
			name = "Copy Pods Resources";
			outputPaths = (
			);
			runOnlyForDeploymentPostprocessing = 0;
			shellPath = /bin/sh;
			shellScript = "\"${SRCROOT}/Pods/Target Support Files/Pods/Pods-resources.sh\"\n";
			showEnvVarsInLog = 0;
		};
/* End PBXShellScriptBuildPhase section */

/* Begin PBXSourcesBuildPhase section */
		D235D82C19E6057A00297B47 /* Sources */ = {
			isa = PBXSourcesBuildPhase;
			buildActionMask = 2147483647;
			files = (
				D214533819EE05B000986E99 /* BeerWatch.m in Sources */,
				D235D83919E6057A00297B47 /* AppDelegate.m in Sources */,
				D21F61B519ED0936008F23BF /* MainNavigationController.m in Sources */,
				D2C979A219E61BF60058C0A6 /* Device.m in Sources */,
				D214534219EF3F0900986E99 /* Utility.m in Sources */,
				D214533419EE052500986E99 /* BeerWatchTableViewController.m in Sources */,
				D214533B19EEF29B00986E99 /* ShowBeerWatchViewController.m in Sources */,
				D235D83619E6057A00297B47 /* main.m in Sources */,
				D26C3ABE19EA2E24003CF98C /* LoginViewController.m in Sources */,
			);
			runOnlyForDeploymentPostprocessing = 0;
		};
		D235D84519E6057A00297B47 /* Sources */ = {
			isa = PBXSourcesBuildPhase;
			buildActionMask = 2147483647;
			files = (
				D235D85019E6057A00297B47 /* BrewdarTests.m in Sources */,
			);
			runOnlyForDeploymentPostprocessing = 0;
		};
/* End PBXSourcesBuildPhase section */

/* Begin PBXTargetDependency section */
		D235D84B19E6057A00297B47 /* PBXTargetDependency */ = {
			isa = PBXTargetDependency;
			target = D235D82F19E6057A00297B47 /* Brewdar */;
			targetProxy = D235D84A19E6057A00297B47 /* PBXContainerItemProxy */;
		};
/* End PBXTargetDependency section */

/* Begin PBXVariantGroup section */
		D235D83D19E6057A00297B47 /* Main.storyboard */ = {
			isa = PBXVariantGroup;
			children = (
				D235D83E19E6057A00297B47 /* Base */,
			);
			name = Main.storyboard;
			sourceTree = "<group>";
		};
		D235D84219E6057A00297B47 /* LaunchScreen.xib */ = {
			isa = PBXVariantGroup;
			children = (
				D235D84319E6057A00297B47 /* Base */,
			);
			name = LaunchScreen.xib;
			sourceTree = "<group>";
		};
/* End PBXVariantGroup section */

/* Begin XCBuildConfiguration section */
		D235D85119E6057A00297B47 /* Debug */ = {
			isa = XCBuildConfiguration;
			buildSettings = {
				ALWAYS_SEARCH_USER_PATHS = NO;
				CLANG_CXX_LANGUAGE_STANDARD = "gnu++0x";
				CLANG_CXX_LIBRARY = "libc++";
				CLANG_ENABLE_MODULES = YES;
				CLANG_ENABLE_OBJC_ARC = YES;
				CLANG_WARN_BOOL_CONVERSION = YES;
				CLANG_WARN_CONSTANT_CONVERSION = YES;
				CLANG_WARN_DIRECT_OBJC_ISA_USAGE = YES_ERROR;
				CLANG_WARN_EMPTY_BODY = YES;
				CLANG_WARN_ENUM_CONVERSION = YES;
				CLANG_WARN_INT_CONVERSION = YES;
				CLANG_WARN_OBJC_ROOT_CLASS = YES_ERROR;
				CLANG_WARN_UNREACHABLE_CODE = YES;
				CLANG_WARN__DUPLICATE_METHOD_MATCH = YES;
				"CODE_SIGN_IDENTITY[sdk=iphoneos*]" = "iPhone Developer";
				COPY_PHASE_STRIP = NO;
				ENABLE_STRICT_OBJC_MSGSEND = YES;
				GCC_C_LANGUAGE_STANDARD = gnu99;
				GCC_DYNAMIC_NO_PIC = NO;
				GCC_OPTIMIZATION_LEVEL = 0;
				GCC_PREPROCESSOR_DEFINITIONS = (
					"DEBUG=1",
					"$(inherited)",
				);
				GCC_SYMBOLS_PRIVATE_EXTERN = NO;
				GCC_WARN_64_TO_32_BIT_CONVERSION = YES;
				GCC_WARN_ABOUT_RETURN_TYPE = YES_ERROR;
				GCC_WARN_UNDECLARED_SELECTOR = YES;
				GCC_WARN_UNINITIALIZED_AUTOS = YES_AGGRESSIVE;
				GCC_WARN_UNUSED_FUNCTION = YES;
				GCC_WARN_UNUSED_VARIABLE = YES;
				IPHONEOS_DEPLOYMENT_TARGET = 8.0;
				MTL_ENABLE_DEBUG_INFO = YES;
				ONLY_ACTIVE_ARCH = YES;
				SDKROOT = iphoneos;
			};
			name = Debug;
		};
		D235D85219E6057A00297B47 /* Release */ = {
			isa = XCBuildConfiguration;
			buildSettings = {
				ALWAYS_SEARCH_USER_PATHS = NO;
				CLANG_CXX_LANGUAGE_STANDARD = "gnu++0x";
				CLANG_CXX_LIBRARY = "libc++";
				CLANG_ENABLE_MODULES = YES;
				CLANG_ENABLE_OBJC_ARC = YES;
				CLANG_WARN_BOOL_CONVERSION = YES;
				CLANG_WARN_CONSTANT_CONVERSION = YES;
				CLANG_WARN_DIRECT_OBJC_ISA_USAGE = YES_ERROR;
				CLANG_WARN_EMPTY_BODY = YES;
				CLANG_WARN_ENUM_CONVERSION = YES;
				CLANG_WARN_INT_CONVERSION = YES;
				CLANG_WARN_OBJC_ROOT_CLASS = YES_ERROR;
				CLANG_WARN_UNREACHABLE_CODE = YES;
				CLANG_WARN__DUPLICATE_METHOD_MATCH = YES;
				"CODE_SIGN_IDENTITY[sdk=iphoneos*]" = "iPhone Developer";
				COPY_PHASE_STRIP = YES;
				ENABLE_NS_ASSERTIONS = NO;
				ENABLE_STRICT_OBJC_MSGSEND = YES;
				GCC_C_LANGUAGE_STANDARD = gnu99;
				GCC_WARN_64_TO_32_BIT_CONVERSION = YES;
				GCC_WARN_ABOUT_RETURN_TYPE = YES_ERROR;
				GCC_WARN_UNDECLARED_SELECTOR = YES;
				GCC_WARN_UNINITIALIZED_AUTOS = YES_AGGRESSIVE;
				GCC_WARN_UNUSED_FUNCTION = YES;
				GCC_WARN_UNUSED_VARIABLE = YES;
				IPHONEOS_DEPLOYMENT_TARGET = 8.0;
				MTL_ENABLE_DEBUG_INFO = NO;
				SDKROOT = iphoneos;
				VALIDATE_PRODUCT = YES;
			};
			name = Release;
		};
		D235D85419E6057A00297B47 /* Debug */ = {
			isa = XCBuildConfiguration;
			baseConfigurationReference = 85206CF1AC480E4CE6EBF63C /* Pods.debug.xcconfig */;
			buildSettings = {
				ASSETCATALOG_COMPILER_APPICON_NAME = AppIcon;
				CODE_SIGN_IDENTITY = "iPhone Developer";
				"CODE_SIGN_IDENTITY[sdk=iphoneos*]" = "iPhone Developer";
				FRAMEWORK_SEARCH_PATHS = (
					"$(inherited)",
					"$(PROJECT_DIR)",
				);
				INFOPLIST_FILE = Brewdar/Info.plist;
				IPHONEOS_DEPLOYMENT_TARGET = 8.0;
				LD_RUNPATH_SEARCH_PATHS = "$(inherited) @executable_path/Frameworks";
				PRODUCT_NAME = "$(TARGET_NAME)";
				PROVISIONING_PROFILE = "";
			};
			name = Debug;
		};
		D235D85519E6057A00297B47 /* Release */ = {
			isa = XCBuildConfiguration;
			baseConfigurationReference = F564FFE2CF6ED3E9CF52B1C3 /* Pods.release.xcconfig */;
			buildSettings = {
				ASSETCATALOG_COMPILER_APPICON_NAME = AppIcon;
				CODE_SIGN_IDENTITY = "iPhone Developer";
				"CODE_SIGN_IDENTITY[sdk=iphoneos*]" = "iPhone Developer";
				FRAMEWORK_SEARCH_PATHS = (
					"$(inherited)",
					"$(PROJECT_DIR)",
				);
				INFOPLIST_FILE = Brewdar/Info.plist;
				IPHONEOS_DEPLOYMENT_TARGET = 8.0;
				LD_RUNPATH_SEARCH_PATHS = "$(inherited) @executable_path/Frameworks";
				PRODUCT_NAME = "$(TARGET_NAME)";
				PROVISIONING_PROFILE = "";
			};
			name = Release;
		};
		D235D85719E6057A00297B47 /* Debug */ = {
			isa = XCBuildConfiguration;
			buildSettings = {
				BUNDLE_LOADER = "$(TEST_HOST)";
				FRAMEWORK_SEARCH_PATHS = (
					"$(SDKROOT)/Developer/Library/Frameworks",
					"$(inherited)",
				);
				GCC_PREPROCESSOR_DEFINITIONS = (
					"DEBUG=1",
					"$(inherited)",
				);
				INFOPLIST_FILE = BrewdarTests/Info.plist;
				LD_RUNPATH_SEARCH_PATHS = "$(inherited) @executable_path/Frameworks @loader_path/Frameworks";
				PRODUCT_NAME = "$(TARGET_NAME)";
				TEST_HOST = "$(BUILT_PRODUCTS_DIR)/Brewdar.app/Brewdar";
			};
			name = Debug;
		};
		D235D85819E6057A00297B47 /* Release */ = {
			isa = XCBuildConfiguration;
			buildSettings = {
				BUNDLE_LOADER = "$(TEST_HOST)";
				FRAMEWORK_SEARCH_PATHS = (
					"$(SDKROOT)/Developer/Library/Frameworks",
					"$(inherited)",
				);
				INFOPLIST_FILE = BrewdarTests/Info.plist;
				LD_RUNPATH_SEARCH_PATHS = "$(inherited) @executable_path/Frameworks @loader_path/Frameworks";
				PRODUCT_NAME = "$(TARGET_NAME)";
				TEST_HOST = "$(BUILT_PRODUCTS_DIR)/Brewdar.app/Brewdar";
			};
			name = Release;
		};
/* End XCBuildConfiguration section */

/* Begin XCConfigurationList section */
		D235D82B19E6057A00297B47 /* Build configuration list for PBXProject "Brewdar" */ = {
			isa = XCConfigurationList;
			buildConfigurations = (
				D235D85119E6057A00297B47 /* Debug */,
				D235D85219E6057A00297B47 /* Release */,
			);
			defaultConfigurationIsVisible = 0;
			defaultConfigurationName = Release;
		};
		D235D85319E6057A00297B47 /* Build configuration list for PBXNativeTarget "Brewdar" */ = {
			isa = XCConfigurationList;
			buildConfigurations = (
				D235D85419E6057A00297B47 /* Debug */,
				D235D85519E6057A00297B47 /* Release */,
			);
			defaultConfigurationIsVisible = 0;
			defaultConfigurationName = Release;
		};
		D235D85619E6057A00297B47 /* Build configuration list for PBXNativeTarget "BrewdarTests" */ = {
			isa = XCConfigurationList;
			buildConfigurations = (
				D235D85719E6057A00297B47 /* Debug */,
				D235D85819E6057A00297B47 /* Release */,
			);
			defaultConfigurationIsVisible = 0;
			defaultConfigurationName = Release;
		};
/* End XCConfigurationList section */
	};
	rootObject = D235D82819E6057A00297B47 /* Project object */;
}
